// !$*UTF8*$!
{
	archiveVersion = 1;
	classes = {
	};
	objectVersion = 50;
	objects = {

/* Begin PBXBuildFile section */
		172A69CA269A48E4008ED732 /* VideoRoomView.swift in Sources */ = {isa = PBXBuildFile; fileRef = 172A69C9269A48E4008ED732 /* VideoRoomView.swift */; };
		17454901269CE8190039FAB2 /* GameCardView.swift in Sources */ = {isa = PBXBuildFile; fileRef = 17454900269CE8190039FAB2 /* GameCardView.swift */; };
		176E546D2699E5780098D573 /* ArChatApp.swift in Sources */ = {isa = PBXBuildFile; fileRef = 176E546C2699E5780098D573 /* ArChatApp.swift */; };
		176E54712699E5790098D573 /* Assets.xcassets in Resources */ = {isa = PBXBuildFile; fileRef = 176E54702699E5790098D573 /* Assets.xcassets */; };
		176E54742699E5790098D573 /* Preview Assets.xcassets in Resources */ = {isa = PBXBuildFile; fileRef = 176E54732699E5790098D573 /* Preview Assets.xcassets */; };
		176E54802699E6730098D573 /* RegisterView.swift in Sources */ = {isa = PBXBuildFile; fileRef = 176E547F2699E6730098D573 /* RegisterView.swift */; };
		176E54832699F0D40098D573 /* RegisterPageView.swift in Sources */ = {isa = PBXBuildFile; fileRef = 176E54822699F0D40098D573 /* RegisterPageView.swift */; };
		176E548A2699F8A20098D573 /* MainPageView.swift in Sources */ = {isa = PBXBuildFile; fileRef = 176E54892699F8A20098D573 /* MainPageView.swift */; };
		176E548F2699F9470098D573 /* User.swift in Sources */ = {isa = PBXBuildFile; fileRef = 176E548E2699F9470098D573 /* User.swift */; };
		176E54922699F9C30098D573 /* CreateRoomView.swift in Sources */ = {isa = PBXBuildFile; fileRef = 176E54912699F9C30098D573 /* CreateRoomView.swift */; };
		176E54952699FAA10098D573 /* FriendsListPageView.swift in Sources */ = {isa = PBXBuildFile; fileRef = 176E54942699FAA10098D573 /* FriendsListPageView.swift */; };
		176E54992699FCAF0098D573 /* UserRowView.swift in Sources */ = {isa = PBXBuildFile; fileRef = 176E54982699FCAF0098D573 /* UserRowView.swift */; };
		176E549D2699FD6B0098D573 /* UsersData.swift in Sources */ = {isa = PBXBuildFile; fileRef = 176E549C2699FD6B0098D573 /* UsersData.swift */; };
/* End PBXBuildFile section */

/* Begin PBXFileReference section */
		172A69C9269A48E4008ED732 /* VideoRoomView.swift */ = {isa = PBXFileReference; lastKnownFileType = sourcecode.swift; path = VideoRoomView.swift; sourceTree = "<group>"; };
		17454900269CE8190039FAB2 /* GameCardView.swift */ = {isa = PBXFileReference; lastKnownFileType = sourcecode.swift; path = GameCardView.swift; sourceTree = "<group>"; };
		176E54692699E5780098D573 /* ArChat.app */ = {isa = PBXFileReference; explicitFileType = wrapper.application; includeInIndex = 0; path = ArChat.app; sourceTree = BUILT_PRODUCTS_DIR; };
		176E546C2699E5780098D573 /* ArChatApp.swift */ = {isa = PBXFileReference; lastKnownFileType = sourcecode.swift; path = ArChatApp.swift; sourceTree = "<group>"; };
		176E54702699E5790098D573 /* Assets.xcassets */ = {isa = PBXFileReference; lastKnownFileType = folder.assetcatalog; path = Assets.xcassets; sourceTree = "<group>"; };
		176E54732699E5790098D573 /* Preview Assets.xcassets */ = {isa = PBXFileReference; lastKnownFileType = folder.assetcatalog; path = "Preview Assets.xcassets"; sourceTree = "<group>"; };
		176E54752699E5790098D573 /* Info.plist */ = {isa = PBXFileReference; lastKnownFileType = text.plist.xml; path = Info.plist; sourceTree = "<group>"; };
		176E547F2699E6730098D573 /* RegisterView.swift */ = {isa = PBXFileReference; lastKnownFileType = sourcecode.swift; path = RegisterView.swift; sourceTree = "<group>"; };
		176E54822699F0D40098D573 /* RegisterPageView.swift */ = {isa = PBXFileReference; lastKnownFileType = sourcecode.swift; path = RegisterPageView.swift; sourceTree = "<group>"; };
		176E54892699F8A20098D573 /* MainPageView.swift */ = {isa = PBXFileReference; lastKnownFileType = sourcecode.swift; path = MainPageView.swift; sourceTree = "<group>"; };
		176E548E2699F9470098D573 /* User.swift */ = {isa = PBXFileReference; lastKnownFileType = sourcecode.swift; path = User.swift; sourceTree = "<group>"; };
		176E54912699F9C30098D573 /* CreateRoomView.swift */ = {isa = PBXFileReference; lastKnownFileType = sourcecode.swift; path = CreateRoomView.swift; sourceTree = "<group>"; };
		176E54942699FAA10098D573 /* FriendsListPageView.swift */ = {isa = PBXFileReference; lastKnownFileType = sourcecode.swift; path = FriendsListPageView.swift; sourceTree = "<group>"; };
		176E54982699FCAF0098D573 /* UserRowView.swift */ = {isa = PBXFileReference; lastKnownFileType = sourcecode.swift; path = UserRowView.swift; sourceTree = "<group>"; };
		176E549C2699FD6B0098D573 /* UsersData.swift */ = {isa = PBXFileReference; lastKnownFileType = sourcecode.swift; path = UsersData.swift; sourceTree = "<group>"; };
/* End PBXFileReference section */

/* Begin PBXFrameworksBuildPhase section */
		176E54662699E5780098D573 /* Frameworks */ = {
			isa = PBXFrameworksBuildPhase;
			buildActionMask = 2147483647;
			files = (
			);
			runOnlyForDeploymentPostprocessing = 0;
		};
/* End PBXFrameworksBuildPhase section */

/* Begin PBXGroup section */
		176E54602699E5780098D573 = {
			isa = PBXGroup;
			children = (
				176E546B2699E5780098D573 /* ArChat */,
				176E546A2699E5780098D573 /* Products */,
			);
			sourceTree = "<group>";
		};
		176E546A2699E5780098D573 /* Products */ = {
			isa = PBXGroup;
			children = (
				176E54692699E5780098D573 /* ArChat.app */,
			);
			name = Products;
			sourceTree = "<group>";
		};
		176E546B2699E5780098D573 /* ArChat */ = {
			isa = PBXGroup;
			children = (
				176E54972699FC990098D573 /* Data */,
				176E548C2699F8A90098D573 /* Model */,
				176E547C2699E5E00098D573 /* View */,
				176E547D2699E5F80098D573 /* App */,
				176E54702699E5790098D573 /* Assets.xcassets */,
				176E54752699E5790098D573 /* Info.plist */,
				176E54722699E5790098D573 /* Preview Content */,
			);
			path = ArChat;
			sourceTree = "<group>";
		};
		176E54722699E5790098D573 /* Preview Content */ = {
			isa = PBXGroup;
			children = (
				176E54732699E5790098D573 /* Preview Assets.xcassets */,
			);
			path = "Preview Content";
			sourceTree = "<group>";
		};
		176E547C2699E5E00098D573 /* View */ = {
			isa = PBXGroup;
			children = (
				176E547F2699E6730098D573 /* RegisterView.swift */,
				176E54912699F9C30098D573 /* CreateRoomView.swift */,
				176E54982699FCAF0098D573 /* UserRowView.swift */,
				17454900269CE8190039FAB2 /* GameCardView.swift */,
			);
			path = View;
			sourceTree = "<group>";
		};
		176E547D2699E5F80098D573 /* App */ = {
			isa = PBXGroup;
			children = (
				176E546C2699E5780098D573 /* ArChatApp.swift */,
				176E54822699F0D40098D573 /* RegisterPageView.swift */,
				176E54892699F8A20098D573 /* MainPageView.swift */,
				176E54942699FAA10098D573 /* FriendsListPageView.swift */,
				172A69C9269A48E4008ED732 /* VideoRoomView.swift */,
			);
			path = App;
			sourceTree = "<group>";
		};
		176E548C2699F8A90098D573 /* Model */ = {
			isa = PBXGroup;
			children = (
				176E548E2699F9470098D573 /* User.swift */,
			);
			path = Model;
			sourceTree = "<group>";
		};
		176E54972699FC990098D573 /* Data */ = {
			isa = PBXGroup;
			children = (
				176E549C2699FD6B0098D573 /* UsersData.swift */,
			);
			path = Data;
			sourceTree = "<group>";
		};
/* End PBXGroup section */

/* Begin PBXNativeTarget section */
		176E54682699E5780098D573 /* ArChat */ = {
			isa = PBXNativeTarget;
			buildConfigurationList = 176E54782699E5790098D573 /* Build configuration list for PBXNativeTarget "ArChat" */;
			buildPhases = (
				176E54652699E5780098D573 /* Sources */,
				176E54662699E5780098D573 /* Frameworks */,
				176E54672699E5780098D573 /* Resources */,
			);
			buildRules = (
			);
			dependencies = (
			);
			name = ArChat;
			productName = ArChat;
			productReference = 176E54692699E5780098D573 /* ArChat.app */;
			productType = "com.apple.product-type.application";
		};
/* End PBXNativeTarget section */

/* Begin PBXProject section */
		176E54612699E5780098D573 /* Project object */ = {
			isa = PBXProject;
			attributes = {
				LastSwiftUpdateCheck = 1240;
				LastUpgradeCheck = 1240;
				TargetAttributes = {
					176E54682699E5780098D573 = {
						CreatedOnToolsVersion = 12.4;
					};
				};
			};
			buildConfigurationList = 176E54642699E5780098D573 /* Build configuration list for PBXProject "ArChat" */;
			compatibilityVersion = "Xcode 9.3";
			developmentRegion = en;
			hasScannedForEncodings = 0;
			knownRegions = (
				en,
				Base,
			);
			mainGroup = 176E54602699E5780098D573;
			productRefGroup = 176E546A2699E5780098D573 /* Products */;
			projectDirPath = "";
			projectRoot = "";
			targets = (
				176E54682699E5780098D573 /* ArChat */,
			);
		};
/* End PBXProject section */

/* Begin PBXResourcesBuildPhase section */
		176E54672699E5780098D573 /* Resources */ = {
			isa = PBXResourcesBuildPhase;
			buildActionMask = 2147483647;
			files = (
				176E54742699E5790098D573 /* Preview Assets.xcassets in Resources */,
				176E54712699E5790098D573 /* Assets.xcassets in Resources */,
			);
			runOnlyForDeploymentPostprocessing = 0;
		};
/* End PBXResourcesBuildPhase section */

/* Begin PBXSourcesBuildPhase section */
		176E54652699E5780098D573 /* Sources */ = {
			isa = PBXSourcesBuildPhase;
			buildActionMask = 2147483647;
			files = (
				17454901269CE8190039FAB2 /* GameCardView.swift in Sources */,
				176E54922699F9C30098D573 /* CreateRoomView.swift in Sources */,
				176E54992699FCAF0098D573 /* UserRowView.swift in Sources */,
				176E54802699E6730098D573 /* RegisterView.swift in Sources */,
				176E548F2699F9470098D573 /* User.swift in Sources */,
				176E54952699FAA10098D573 /* FriendsListPageView.swift in Sources */,
				176E548A2699F8A20098D573 /* MainPageView.swift in Sources */,
				176E54832699F0D40098D573 /* RegisterPageView.swift in Sources */,
				172A69CA269A48E4008ED732 /* VideoRoomView.swift in Sources */,
				176E549D2699FD6B0098D573 /* UsersData.swift in Sources */,
				176E546D2699E5780098D573 /* ArChatApp.swift in Sources */,
			);
			runOnlyForDeploymentPostprocessing = 0;
		};
/* End PBXSourcesBuildPhase section */

/* Begin XCBuildConfiguration section */
		176E54762699E5790098D573 /* Debug */ = {
			isa = XCBuildConfiguration;
			buildSettings = {
				ALWAYS_SEARCH_USER_PATHS = NO;
				CLANG_ANALYZER_NONNULL = YES;
				CLANG_ANALYZER_NUMBER_OBJECT_CONVERSION = YES_AGGRESSIVE;
				CLANG_CXX_LANGUAGE_STANDARD = "gnu++14";
				CLANG_CXX_LIBRARY = "libc++";
				CLANG_ENABLE_MODULES = YES;
				CLANG_ENABLE_OBJC_ARC = YES;
				CLANG_ENABLE_OBJC_WEAK = YES;
				CLANG_WARN_BLOCK_CAPTURE_AUTORELEASING = YES;
				CLANG_WARN_BOOL_CONVERSION = YES;
				CLANG_WARN_COMMA = YES;
				CLANG_WARN_CONSTANT_CONVERSION = YES;
				CLANG_WARN_DEPRECATED_OBJC_IMPLEMENTATIONS = YES;
				CLANG_WARN_DIRECT_OBJC_ISA_USAGE = YES_ERROR;
				CLANG_WARN_DOCUMENTATION_COMMENTS = YES;
				CLANG_WARN_EMPTY_BODY = YES;
				CLANG_WARN_ENUM_CONVERSION = YES;
				CLANG_WARN_INFINITE_RECURSION = YES;
				CLANG_WARN_INT_CONVERSION = YES;
				CLANG_WARN_NON_LITERAL_NULL_CONVERSION = YES;
				CLANG_WARN_OBJC_IMPLICIT_RETAIN_SELF = YES;
				CLANG_WARN_OBJC_LITERAL_CONVERSION = YES;
				CLANG_WARN_OBJC_ROOT_CLASS = YES_ERROR;
				CLANG_WARN_QUOTED_INCLUDE_IN_FRAMEWORK_HEADER = YES;
				CLANG_WARN_RANGE_LOOP_ANALYSIS = YES;
				CLANG_WARN_STRICT_PROTOTYPES = YES;
				CLANG_WARN_SUSPICIOUS_MOVE = YES;
				CLANG_WARN_UNGUARDED_AVAILABILITY = YES_AGGRESSIVE;
				CLANG_WARN_UNREACHABLE_CODE = YES;
				CLANG_WARN__DUPLICATE_METHOD_MATCH = YES;
				COPY_PHASE_STRIP = NO;
				DEBUG_INFORMATION_FORMAT = dwarf;
				ENABLE_STRICT_OBJC_MSGSEND = YES;
				ENABLE_TESTABILITY = YES;
				GCC_C_LANGUAGE_STANDARD = gnu11;
				GCC_DYNAMIC_NO_PIC = NO;
				GCC_NO_COMMON_BLOCKS = YES;
				GCC_OPTIMIZATION_LEVEL = 0;
				GCC_PREPROCESSOR_DEFINITIONS = (
					"DEBUG=1",
					"$(inherited)",
				);
				GCC_WARN_64_TO_32_BIT_CONVERSION = YES;
				GCC_WARN_ABOUT_RETURN_TYPE = YES_ERROR;
				GCC_WARN_UNDECLARED_SELECTOR = YES;
				GCC_WARN_UNINITIALIZED_AUTOS = YES_AGGRESSIVE;
				GCC_WARN_UNUSED_FUNCTION = YES;
				GCC_WARN_UNUSED_VARIABLE = YES;
				IPHONEOS_DEPLOYMENT_TARGET = 14.4;
				MTL_ENABLE_DEBUG_INFO = INCLUDE_SOURCE;
				MTL_FAST_MATH = YES;
				ONLY_ACTIVE_ARCH = YES;
				SDKROOT = iphoneos;
				SWIFT_ACTIVE_COMPILATION_CONDITIONS = DEBUG;
				SWIFT_OPTIMIZATION_LEVEL = "-Onone";
			};
			name = Debug;
		};
		176E54772699E5790098D573 /* Release */ = {
			isa = XCBuildConfiguration;
			buildSettings = {
				ALWAYS_SEARCH_USER_PATHS = NO;
				CLANG_ANALYZER_NONNULL = YES;
				CLANG_ANALYZER_NUMBER_OBJECT_CONVERSION = YES_AGGRESSIVE;
				CLANG_CXX_LANGUAGE_STANDARD = "gnu++14";
				CLANG_CXX_LIBRARY = "libc++";
				CLANG_ENABLE_MODULES = YES;
				CLANG_ENABLE_OBJC_ARC = YES;
				CLANG_ENABLE_OBJC_WEAK = YES;
				CLANG_WARN_BLOCK_CAPTURE_AUTORELEASING = YES;
				CLANG_WARN_BOOL_CONVERSION = YES;
				CLANG_WARN_COMMA = YES;
				CLANG_WARN_CONSTANT_CONVERSION = YES;
				CLANG_WARN_DEPRECATED_OBJC_IMPLEMENTATIONS = YES;
				CLANG_WARN_DIRECT_OBJC_ISA_USAGE = YES_ERROR;
				CLANG_WARN_DOCUMENTATION_COMMENTS = YES;
				CLANG_WARN_EMPTY_BODY = YES;
				CLANG_WARN_ENUM_CONVERSION = YES;
				CLANG_WARN_INFINITE_RECURSION = YES;
				CLANG_WARN_INT_CONVERSION = YES;
				CLANG_WARN_NON_LITERAL_NULL_CONVERSION = YES;
				CLANG_WARN_OBJC_IMPLICIT_RETAIN_SELF = YES;
				CLANG_WARN_OBJC_LITERAL_CONVERSION = YES;
				CLANG_WARN_OBJC_ROOT_CLASS = YES_ERROR;
				CLANG_WARN_QUOTED_INCLUDE_IN_FRAMEWORK_HEADER = YES;
				CLANG_WARN_RANGE_LOOP_ANALYSIS = YES;
				CLANG_WARN_STRICT_PROTOTYPES = YES;
				CLANG_WARN_SUSPICIOUS_MOVE = YES;
				CLANG_WARN_UNGUARDED_AVAILABILITY = YES_AGGRESSIVE;
				CLANG_WARN_UNREACHABLE_CODE = YES;
				CLANG_WARN__DUPLICATE_METHOD_MATCH = YES;
				COPY_PHASE_STRIP = NO;
				DEBUG_INFORMATION_FORMAT = "dwarf-with-dsym";
				ENABLE_NS_ASSERTIONS = NO;
				ENABLE_STRICT_OBJC_MSGSEND = YES;
				GCC_C_LANGUAGE_STANDARD = gnu11;
				GCC_NO_COMMON_BLOCKS = YES;
				GCC_WARN_64_TO_32_BIT_CONVERSION = YES;
				GCC_WARN_ABOUT_RETURN_TYPE = YES_ERROR;
				GCC_WARN_UNDECLARED_SELECTOR = YES;
				GCC_WARN_UNINITIALIZED_AUTOS = YES_AGGRESSIVE;
				GCC_WARN_UNUSED_FUNCTION = YES;
				GCC_WARN_UNUSED_VARIABLE = YES;
				IPHONEOS_DEPLOYMENT_TARGET = 14.4;
				MTL_ENABLE_DEBUG_INFO = NO;
				MTL_FAST_MATH = YES;
				SDKROOT = iphoneos;
				SWIFT_COMPILATION_MODE = wholemodule;
				SWIFT_OPTIMIZATION_LEVEL = "-O";
				VALIDATE_PRODUCT = YES;
			};
			name = Release;
		};
		176E54792699E5790098D573 /* Debug */ = {
			isa = XCBuildConfiguration;
			buildSettings = {
				ASSETCATALOG_COMPILER_APPICON_NAME = AppIcon;
				ASSETCATALOG_COMPILER_GLOBAL_ACCENT_COLOR_NAME = AccentColor;
				CODE_SIGN_STYLE = Automatic;
				DEVELOPMENT_ASSET_PATHS = "\"ArChat/Preview Content\"";
				DEVELOPMENT_TEAM = J3PCAKUBGU;
				ENABLE_PREVIEWS = YES;
				INFOPLIST_FILE = ArChat/Info.plist;
				IPHONEOS_DEPLOYMENT_TARGET = 14.0;
				LD_RUNPATH_SEARCH_PATHS = (
					"$(inherited)",
					"@executable_path/Frameworks",
				);
				PRODUCT_BUNDLE_IDENTIFIER = com.egordadugin.ArChat;
				PRODUCT_NAME = "$(TARGET_NAME)";
				SWIFT_VERSION = 5.0;
				TARGETED_DEVICE_FAMILY = "1,2";
			};
			name = Debug;
		};
		176E547A2699E5790098D573 /* Release */ = {
			isa = XCBuildConfiguration;
			buildSettings = {
				ASSETCATALOG_COMPILER_APPICON_NAME = AppIcon;
				ASSETCATALOG_COMPILER_GLOBAL_ACCENT_COLOR_NAME = AccentColor;
				CODE_SIGN_STYLE = Automatic;
				DEVELOPMENT_ASSET_PATHS = "\"ArChat/Preview Content\"";
				DEVELOPMENT_TEAM = J3PCAKUBGU;
				ENABLE_PREVIEWS = YES;
				INFOPLIST_FILE = ArChat/Info.plist;
				IPHONEOS_DEPLOYMENT_TARGET = 14.0;
				LD_RUNPATH_SEARCH_PATHS = (
					"$(inherited)",
					"@executable_path/Frameworks",
				);
				PRODUCT_BUNDLE_IDENTIFIER = com.egordadugin.ArChat;
				PRODUCT_NAME = "$(TARGET_NAME)";
				SWIFT_VERSION = 5.0;
				TARGETED_DEVICE_FAMILY = "1,2";
			};
			name = Release;
		};
/* End XCBuildConfiguration section */

/* Begin XCConfigurationList section */
		176E54642699E5780098D573 /* Build configuration list for PBXProject "ArChat" */ = {
			isa = XCConfigurationList;
			buildConfigurations = (
				176E54762699E5790098D573 /* Debug */,
				176E54772699E5790098D573 /* Release */,
			);
			defaultConfigurationIsVisible = 0;
			defaultConfigurationName = Release;
		};
		176E54782699E5790098D573 /* Build configuration list for PBXNativeTarget "ArChat" */ = {
			isa = XCConfigurationList;
			buildConfigurations = (
				176E54792699E5790098D573 /* Debug */,
				176E547A2699E5790098D573 /* Release */,
			);
			defaultConfigurationIsVisible = 0;
			defaultConfigurationName = Release;
		};
/* End XCConfigurationList section */
	};
	rootObject = 176E54612699E5780098D573 /* Project object */;
}
